
Microsoft Visual Studio Solution File, Format Version 12.00
# Visual Studio Version 17
VisualStudioVersion = 17.11.35327.3
MinimumVisualStudioVersion = 10.0.40219.1
Project("{FAE04EC0-301F-11D3-BF4B-00C04F79EFBC}") = "DailyQuoteManager.Api", "SimpleCRUDWebApp.Server\DailyQuoteManager.Api.csproj", "{F6D79FE6-3B0F-4DBF-9E4E-1CF0C124B8DC}"
EndProject
Project("{FAE04EC0-301F-11D3-BF4B-00C04F79EFBC}") = "DailyQuoteManager.Client", "SimpleCRUDWebApp.Client\DailyQuoteManager.Client.csproj", "{1A632DF1-DC47-45EA-B41A-6658FBFC8D95}"
EndProject
Project("{2150E333-8FDC-42A3-9474-1A3956D46DE8}") = "scr", "scr", "{8EC462FD-D22E-90A8-E5CE-7E832BA40C5D}"
EndProject
Project("{FAE04EC0-301F-11D3-BF4B-00C04F79EFBC}") = "DailyQuoteManager.Application", "SimpleCRUDWebApp.Application\DailyQuoteManager.Application.csproj", "{C670DF8C-F058-4C74-A80B-C396207431EB}"
EndProject
Project("{FAE04EC0-301F-11D3-BF4B-00C04F79EFBC}") = "DailyQuoteManager.Infrastructure", "SimpleCRUDWebApp.Infastructure\DailyQuoteManager.Infrastructure.csproj", "{F9E1F0DB-4AD8-420A-8D47-B95F3B987EAC}"
EndProject
Project("{FAE04EC0-301F-11D3-BF4B-00C04F79EFBC}") = "DailyQuoteManager.Domain", "SimpleCRUDWebApp.Domain\DailyQuoteManager.Domain.csproj", "{670BBC7A-F8AE-44FA-9490-CE53AB9862E5}"
EndProject
Project("{FAE04EC0-301F-11D3-BF4B-00C04F79EFBC}") = "Test", "Test\Test.csproj", "{B7BEBE48-F6F0-4082-945E-A23606374422}"
EndProject
Project("{FAE04EC0-301F-11D3-BF4B-00C04F79EFBC}") = "DailyQuoteManager.Persistence", "DailyQuoteManager.Persistence\DailyQuoteManager.Persistence.csproj", "{741F3DB0-B216-4EBA-93DB-7ECD0C048BAC}"
EndProject
Global
	GlobalSection(SolutionConfigurationPlatforms) = preSolution
		Debug|Any CPU = Debug|Any CPU
		Release|Any CPU = Release|Any CPU
	EndGlobalSection
	GlobalSection(ProjectConfigurationPlatforms) = postSolution
		{F6D79FE6-3B0F-4DBF-9E4E-1CF0C124B8DC}.Debug|Any CPU.ActiveCfg = Debug|Any CPU
		{F6D79FE6-3B0F-4DBF-9E4E-1CF0C124B8DC}.Debug|Any CPU.Build.0 = Debug|Any CPU
		{F6D79FE6-3B0F-4DBF-9E4E-1CF0C124B8DC}.Release|Any CPU.ActiveCfg = Release|Any CPU
		{F6D79FE6-3B0F-4DBF-9E4E-1CF0C124B8DC}.Release|Any CPU.Build.0 = Release|Any CPU
		{1A632DF1-DC47-45EA-B41A-6658FBFC8D95}.Debug|Any CPU.ActiveCfg = Debug|Any CPU
		{1A632DF1-DC47-45EA-B41A-6658FBFC8D95}.Debug|Any CPU.Build.0 = Debug|Any CPU
		{1A632DF1-DC47-45EA-B41A-6658FBFC8D95}.Release|Any CPU.ActiveCfg = Release|Any CPU
		{1A632DF1-DC47-45EA-B41A-6658FBFC8D95}.Release|Any CPU.Build.0 = Release|Any CPU
		{C670DF8C-F058-4C74-A80B-C396207431EB}.Debug|Any CPU.ActiveCfg = Debug|Any CPU
		{C670DF8C-F058-4C74-A80B-C396207431EB}.Debug|Any CPU.Build.0 = Debug|Any CPU
		{C670DF8C-F058-4C74-A80B-C396207431EB}.Release|Any CPU.ActiveCfg = Release|Any CPU
		{C670DF8C-F058-4C74-A80B-C396207431EB}.Release|Any CPU.Build.0 = Release|Any CPU
		{F9E1F0DB-4AD8-420A-8D47-B95F3B987EAC}.Debug|Any CPU.ActiveCfg = Debug|Any CPU
		{F9E1F0DB-4AD8-420A-8D47-B95F3B987EAC}.Debug|Any CPU.Build.0 = Debug|Any CPU
		{F9E1F0DB-4AD8-420A-8D47-B95F3B987EAC}.Release|Any CPU.ActiveCfg = Release|Any CPU
		{F9E1F0DB-4AD8-420A-8D47-B95F3B987EAC}.Release|Any CPU.Build.0 = Release|Any CPU
		{670BBC7A-F8AE-44FA-9490-CE53AB9862E5}.Debug|Any CPU.ActiveCfg = Debug|Any CPU
		{670BBC7A-F8AE-44FA-9490-CE53AB9862E5}.Debug|Any CPU.Build.0 = Debug|Any CPU
		{670BBC7A-F8AE-44FA-9490-CE53AB9862E5}.Release|Any CPU.ActiveCfg = Release|Any CPU
		{670BBC7A-F8AE-44FA-9490-CE53AB9862E5}.Release|Any CPU.Build.0 = Release|Any CPU
		{B7BEBE48-F6F0-4082-945E-A23606374422}.Debug|Any CPU.ActiveCfg = Debug|Any CPU
		{B7BEBE48-F6F0-4082-945E-A23606374422}.Debug|Any CPU.Build.0 = Debug|Any CPU
		{B7BEBE48-F6F0-4082-945E-A23606374422}.Release|Any CPU.ActiveCfg = Release|Any CPU
		{B7BEBE48-F6F0-4082-945E-A23606374422}.Release|Any CPU.Build.0 = Release|Any CPU
		{741F3DB0-B216-4EBA-93DB-7ECD0C048BAC}.Debug|Any CPU.ActiveCfg = Debug|Any CPU
		{741F3DB0-B216-4EBA-93DB-7ECD0C048BAC}.Debug|Any CPU.Build.0 = Debug|Any CPU
		{741F3DB0-B216-4EBA-93DB-7ECD0C048BAC}.Release|Any CPU.ActiveCfg = Release|Any CPU
		{741F3DB0-B216-4EBA-93DB-7ECD0C048BAC}.Release|Any CPU.Build.0 = Release|Any CPU
	EndGlobalSection
	GlobalSection(SolutionProperties) = preSolution
		HideSolutionNode = FALSE
	EndGlobalSection
	GlobalSection(NestedProjects) = preSolution
		{F6D79FE6-3B0F-4DBF-9E4E-1CF0C124B8DC} = {8EC462FD-D22E-90A8-E5CE-7E832BA40C5D}
		{1A632DF1-DC47-45EA-B41A-6658FBFC8D95} = {8EC462FD-D22E-90A8-E5CE-7E832BA40C5D}
		{C670DF8C-F058-4C74-A80B-C396207431EB} = {8EC462FD-D22E-90A8-E5CE-7E832BA40C5D}
		{F9E1F0DB-4AD8-420A-8D47-B95F3B987EAC} = {8EC462FD-D22E-90A8-E5CE-7E832BA40C5D}
		{670BBC7A-F8AE-44FA-9490-CE53AB9862E5} = {8EC462FD-D22E-90A8-E5CE-7E832BA40C5D}
		{741F3DB0-B216-4EBA-93DB-7ECD0C048BAC} = {8EC462FD-D22E-90A8-E5CE-7E832BA40C5D}
	EndGlobalSection
	GlobalSection(ExtensibilityGlobals) = postSolution
		SolutionGuid = {8BD463F6-A95E-4564-A2E8-079FD7533F85}
	EndGlobalSection
EndGlobal
